<?xml version="1.0" encoding="utf-8"?>
<Project ToolsVersion="4.0" xmlns="http://schemas.microsoft.com/developer/msbuild/2003">
  <ItemGroup>
    <ClCompile Include="main.cpp" />
    <ClCompile Include="Obstacle.cpp" />
    <ClCompile Include="Spawner.cpp" />
    <ClCompile Include="Player.cpp" />
  </ItemGroup>
  <ItemGroup>
    <ClInclude Include="Animation.hpp" />
    <ClInclude Include="Ball.hpp" />
    <ClInclude Include="Cloud.hpp" />
    <ClInclude Include="Grass.hpp" />
    <ClInclude Include="Hurdle.hpp" />
    <ClInclude Include="Obstacle.hpp" />
    <ClInclude Include="Paddle.hpp" />
    <ClInclude Include="Spawner.hpp" />
    <ClInclude Include="Player.hpp" />
  </ItemGroup>
  <ItemGroup>
    <Image Include="spriteTest.png" />
    <Image Include="testDirt.png" />
    <Image Include="testGrass.png" />
    <Image Include="testShrub.png" />
    <Image Include="testTree.png" />
  </ItemGroup>
</Project>